
Microsoft Visual Studio Solution File, Format Version 12.00
# Visual Studio Version 17
VisualStudioVersion = 17.2.32630.192
MinimumVisualStudioVersion = 10.0.40219.1
Project("{9A19103F-16F7-4668-BE54-9A1E7A4F7556}") = "NibrsModels", "NibrsModels.csproj", "{A7DCDD58-514F-4ABF-8EDA-B1313A26E602}"
EndProject
Global
	GlobalSection(SolutionConfigurationPlatforms) = preSolution
		Debug|Any CPU = Debug|Any CPU
		Release|Any CPU = Release|Any CPU
	EndGlobalSection
	GlobalSection(ProjectConfigurationPlatforms) = postSolution
		{A7DCDD58-514F-4ABF-8EDA-B1313A26E602}.Debug|Any CPU.ActiveCfg = Debug|Any CPU
		{A7DCDD58-514F-4ABF-8EDA-B1313A26E602}.Debug|Any CPU.Build.0 = Debug|Any CPU
		{A7DCDD58-514F-4ABF-8EDA-B1313A26E602}.Release|Any CPU.ActiveCfg = Release|Any CPU
		{A7DCDD58-514F-4ABF-8EDA-B1313A26E602}.Release|Any CPU.Build.0 = Release|Any CPU
	EndGlobalSection
	GlobalSection(SolutionProperties) = preSolution
		HideSolutionNode = FALSE
	EndGlobalSection
	GlobalSection(ExtensibilityGlobals) = postSolution
		SolutionGuid = {260BBD7D-7AD1-451B-A505-A2AE04D65ED3}
	EndGlobalSection
EndGlobal
